
Microsoft Visual Studio Solution File, Format Version 12.00
# Visual Studio Version 17
VisualStudioVersion = 17.14.36408.4 d17.14
MinimumVisualStudioVersion = 10.0.40219.1
Project("{8BC9CEB8-8B4A-11D0-8D11-00A0C91BC942}") = "PalindromArrayP41", "PalindromArrayP41\PalindromArrayP41.vcxproj", "{8D346A81-CCE7-440E-AC25-A97799471C22}"
EndProject
Global
	GlobalSection(SolutionConfigurationPlatforms) = preSolution
		Debug|x64 = Debug|x64
		Debug|x86 = Debug|x86
		Release|x64 = Release|x64
		Release|x86 = Release|x86
	EndGlobalSection
	GlobalSection(ProjectConfigurationPlatforms) = postSolution
		{8D346A81-CCE7-440E-AC25-A97799471C22}.Debug|x64.ActiveCfg = Debug|x64
		{8D346A81-CCE7-440E-AC25-A97799471C22}.Debug|x64.Build.0 = Debug|x64
		{8D346A81-CCE7-440E-AC25-A97799471C22}.Debug|x86.ActiveCfg = Debug|Win32
		{8D346A81-CCE7-440E-AC25-A97799471C22}.Debug|x86.Build.0 = Debug|Win32
		{8D346A81-CCE7-440E-AC25-A97799471C22}.Release|x64.ActiveCfg = Release|x64
		{8D346A81-CCE7-440E-AC25-A97799471C22}.Release|x64.Build.0 = Release|x64
		{8D346A81-CCE7-440E-AC25-A97799471C22}.Release|x86.ActiveCfg = Release|Win32
		{8D346A81-CCE7-440E-AC25-A97799471C22}.Release|x86.Build.0 = Release|Win32
	EndGlobalSection
	GlobalSection(SolutionProperties) = preSolution
		HideSolutionNode = FALSE
	EndGlobalSection
	GlobalSection(ExtensibilityGlobals) = postSolution
		SolutionGuid = {0CBD8C44-0A2E-44F9-9553-BDF8881D605E}
	EndGlobalSection
EndGlobal
